
Microsoft Visual Studio Solution File, Format Version 12.00
# Visual Studio 15
VisualStudioVersion = 15.0.28010.2046
MinimumVisualStudioVersion = 10.0.40219.1
Project("{9A19103F-16F7-4668-BE54-9A1E7A4F7556}") = "SIS.HTTP", "SIS.HTTP\SIS.HTTP.csproj", "{B0EFD95C-2CC9-4A0D-AC00-97D65BED98DF}"
EndProject
Project("{2150E333-8FDC-42A3-9474-1A3956D46DE8}") = "Apps", "Apps", "{47708129-C3E2-4FE2-8D79-454C78149925}"
EndProject
Project("{9A19103F-16F7-4668-BE54-9A1E7A4F7556}") = "SIS.MvcFramework.Tests", "SIS.MvcFramework.Tests\SIS.MvcFramework.Tests.csproj", "{89E33653-E5F3-4474-A12E-AC4220682C11}"
EndProject
Project("{9A19103F-16F7-4668-BE54-9A1E7A4F7556}") = "SIS.MvcFramework", "SIS.MvcFramework\SIS.MvcFramework.csproj", "{D224C3DB-34C3-4904-8E92-8BAA6A316183}"
EndProject
Project("{2150E333-8FDC-42A3-9474-1A3956D46DE8}") = "ScaleDeli", "ScaleDeli", "{B2375CEE-5790-46B2-88F1-3EF0424B0636}"
EndProject
Project("{FAE04EC0-301F-11D3-BF4B-00C04F79EFBC}") = "ScaleDeli.Web", "Apps\ScaleDeli\ScaleDeli.Web\ScaleDeli.Web.csproj", "{A00D8023-C50D-4FC8-878F-201124FE2091}"
EndProject
Project("{FAE04EC0-301F-11D3-BF4B-00C04F79EFBC}") = "ScaleDeli.Data", "Apps\ScaleDeli\ScaleDeli.Data\ScaleDeli.Data.csproj", "{B2BB3F9E-C16A-449D-B8B4-0CA605349BF8}"
EndProject
Project("{FAE04EC0-301F-11D3-BF4B-00C04F79EFBC}") = "ScaleDeli.Services", "Apps\ScaleDeli\ScaleDeli.Services\ScaleDeli.Services.csproj", "{DBA1C681-A4FC-4699-BDED-EC81C78AE2B1}"
EndProject
Global
	GlobalSection(SolutionConfigurationPlatforms) = preSolution
		Debug|Any CPU = Debug|Any CPU
		Release|Any CPU = Release|Any CPU
	EndGlobalSection
	GlobalSection(ProjectConfigurationPlatforms) = postSolution
		{B0EFD95C-2CC9-4A0D-AC00-97D65BED98DF}.Debug|Any CPU.ActiveCfg = Debug|Any CPU
		{B0EFD95C-2CC9-4A0D-AC00-97D65BED98DF}.Debug|Any CPU.Build.0 = Debug|Any CPU
		{B0EFD95C-2CC9-4A0D-AC00-97D65BED98DF}.Release|Any CPU.ActiveCfg = Release|Any CPU
		{B0EFD95C-2CC9-4A0D-AC00-97D65BED98DF}.Release|Any CPU.Build.0 = Release|Any CPU
		{89E33653-E5F3-4474-A12E-AC4220682C11}.Debug|Any CPU.ActiveCfg = Debug|Any CPU
		{89E33653-E5F3-4474-A12E-AC4220682C11}.Debug|Any CPU.Build.0 = Debug|Any CPU
		{89E33653-E5F3-4474-A12E-AC4220682C11}.Release|Any CPU.ActiveCfg = Release|Any CPU
		{89E33653-E5F3-4474-A12E-AC4220682C11}.Release|Any CPU.Build.0 = Release|Any CPU
		{D224C3DB-34C3-4904-8E92-8BAA6A316183}.Debug|Any CPU.ActiveCfg = Debug|Any CPU
		{D224C3DB-34C3-4904-8E92-8BAA6A316183}.Debug|Any CPU.Build.0 = Debug|Any CPU
		{D224C3DB-34C3-4904-8E92-8BAA6A316183}.Release|Any CPU.ActiveCfg = Release|Any CPU
		{D224C3DB-34C3-4904-8E92-8BAA6A316183}.Release|Any CPU.Build.0 = Release|Any CPU
		{A00D8023-C50D-4FC8-878F-201124FE2091}.Debug|Any CPU.ActiveCfg = Debug|Any CPU
		{A00D8023-C50D-4FC8-878F-201124FE2091}.Debug|Any CPU.Build.0 = Debug|Any CPU
		{A00D8023-C50D-4FC8-878F-201124FE2091}.Release|Any CPU.ActiveCfg = Release|Any CPU
		{A00D8023-C50D-4FC8-878F-201124FE2091}.Release|Any CPU.Build.0 = Release|Any CPU
		{B2BB3F9E-C16A-449D-B8B4-0CA605349BF8}.Debug|Any CPU.ActiveCfg = Debug|Any CPU
		{B2BB3F9E-C16A-449D-B8B4-0CA605349BF8}.Debug|Any CPU.Build.0 = Debug|Any CPU
		{B2BB3F9E-C16A-449D-B8B4-0CA605349BF8}.Release|Any CPU.ActiveCfg = Release|Any CPU
		{B2BB3F9E-C16A-449D-B8B4-0CA605349BF8}.Release|Any CPU.Build.0 = Release|Any CPU
		{DBA1C681-A4FC-4699-BDED-EC81C78AE2B1}.Debug|Any CPU.ActiveCfg = Debug|Any CPU
		{DBA1C681-A4FC-4699-BDED-EC81C78AE2B1}.Debug|Any CPU.Build.0 = Debug|Any CPU
		{DBA1C681-A4FC-4699-BDED-EC81C78AE2B1}.Release|Any CPU.ActiveCfg = Release|Any CPU
		{DBA1C681-A4FC-4699-BDED-EC81C78AE2B1}.Release|Any CPU.Build.0 = Release|Any CPU
	EndGlobalSection
	GlobalSection(SolutionProperties) = preSolution
		HideSolutionNode = FALSE
	EndGlobalSection
	GlobalSection(NestedProjects) = preSolution
		{B2375CEE-5790-46B2-88F1-3EF0424B0636} = {47708129-C3E2-4FE2-8D79-454C78149925}
		{A00D8023-C50D-4FC8-878F-201124FE2091} = {B2375CEE-5790-46B2-88F1-3EF0424B0636}
		{B2BB3F9E-C16A-449D-B8B4-0CA605349BF8} = {B2375CEE-5790-46B2-88F1-3EF0424B0636}
		{DBA1C681-A4FC-4699-BDED-EC81C78AE2B1} = {B2375CEE-5790-46B2-88F1-3EF0424B0636}
	EndGlobalSection
	GlobalSection(ExtensibilityGlobals) = postSolution
		SolutionGuid = {95749778-C448-4913-B813-04C78D964222}
	EndGlobalSection
EndGlobal
